
Microsoft Visual Studio Solution File, Format Version 12.00
# Visual Studio Version 16
VisualStudioVersion = 16.0.31313.79
MinimumVisualStudioVersion = 10.0.40219.1
Project("{FAE04EC0-301F-11D3-BF4B-00C04F79EFBC}") = "valid_invoice_checker", "valid_invoice_checker\valid_invoice_checker.csproj", "{0853A402-BB66-4C0C-AAD0-12A36C8D4313}"
EndProject
Global
	GlobalSection(SolutionConfigurationPlatforms) = preSolution
		Debug|Any CPU = Debug|Any CPU
		Release|Any CPU = Release|Any CPU
	EndGlobalSection
	GlobalSection(ProjectConfigurationPlatforms) = postSolution
		{0853A402-BB66-4C0C-AAD0-12A36C8D4313}.Debug|Any CPU.ActiveCfg = Debug|Any CPU
		{0853A402-BB66-4C0C-AAD0-12A36C8D4313}.Debug|Any CPU.Build.0 = Debug|Any CPU
		{0853A402-BB66-4C0C-AAD0-12A36C8D4313}.Release|Any CPU.ActiveCfg = Release|Any CPU
		{0853A402-BB66-4C0C-AAD0-12A36C8D4313}.Release|Any CPU.Build.0 = Release|Any CPU
	EndGlobalSection
	GlobalSection(SolutionProperties) = preSolution
		HideSolutionNode = FALSE
	EndGlobalSection
	GlobalSection(ExtensibilityGlobals) = postSolution
		SolutionGuid = {9E9B4691-D5BA-4A57-B634-350714324E0D}
	EndGlobalSection
EndGlobal
